{
  "name": "maildove",
  "version": "0.0.1",
  "lockfileVersion": 2,
  "requires": true,
  "packages": {
    "": {
      "name": "maildove",
      "version": "0.0.1",
      "license": "GPL-2.0",
      "dependencies": {
        "dkim-signer": "^0.2.2",
        "email-addresses": "^5.0.0",
        "nodemailer": "^6.7.0"
      },
      "devDependencies": {
        "@types/dkim-signer": "^0.2.2",
        "@types/node": "^16.11.0",
        "@types/nodemailer": "^6.4.4",
        "typescript": "^4.4.2"
      }
    },
    "node_modules/@types/dkim-signer": {
      "version": "0.2.2",
      "resolved": "https://registry.npmjs.org/@types/dkim-signer/-/dkim-signer-0.2.2.tgz",
      "integrity": "sha512-6S3Fmi4WA5W1Sv4JJalO9wW47ikgt/diQZ1rfqCKaEMj9+wUZpQf6CUr+ZV65pObyO0Xnnu24ZEaWUjyRuBZMg==",
      "dev": true,
      "dependencies": {
        "@types/node": "*"
      }
    },
    "node_modules/@types/node": {
      "version": "16.11.0",
      "resolved": "https://registry.npmjs.org/@types/node/-/node-16.11.0.tgz",
      "integrity": "sha512-8MLkBIYQMuhRBQzGN9875bYsOhPnf/0rgXGo66S2FemHkhbn9qtsz9ywV1iCG+vbjigE4WUNVvw37Dx+L0qsPg==",
      "dev": true
    },
    "node_modules/@types/nodemailer": {
      "version": "6.4.4",
      "resolved": "https://registry.npmjs.org/@types/nodemailer/-/nodemailer-6.4.4.tgz",
      "integrity": "sha512-Ksw4t7iliXeYGvIQcSIgWQ5BLuC/mljIEbjf615svhZL10PE9t+ei8O9gDaD3FPCasUJn9KTLwz2JFJyiiyuqw==",
      "dev": true,
      "dependencies": {
        "@types/node": "*"
      }
    },
    "node_modules/dkim-signer": {
      "version": "0.2.2",
      "resolved": "https://registry.npmjs.org/dkim-signer/-/dkim-signer-0.2.2.tgz",
      "integrity": "sha1-qoHsBx7u02IngbqpIgRNeADl8wg=",
      "dependencies": {
        "libmime": "^2.0.3"
      }
    },
    "node_modules/email-addresses": {
      "version": "5.0.0",
      "resolved": "https://registry.npmjs.org/email-addresses/-/email-addresses-5.0.0.tgz",
      "integrity": "sha512-4OIPYlA6JXqtVn8zpHpGiI7vE6EQOAg16aGnDMIAlZVinnoZ8208tW1hAbjWydgN/4PLTT9q+O1K6AH/vALJGw=="
    },
    "node_modules/iconv-lite": {
      "version": "0.4.15",
      "resolved": "https://registry.npmjs.org/iconv-lite/-/iconv-lite-0.4.15.tgz",
      "integrity": "sha1-/iZaIYrGpXz+hUkn6dBMGYJe3es=",
      "engines": {
        "node": ">=0.10.0"
      }
    },
    "node_modules/libbase64": {
      "version": "0.1.0",
      "resolved": "https://registry.npmjs.org/libbase64/-/libbase64-0.1.0.tgz",
      "integrity": "sha1-YjUag5VjrF/1vSbxL2Dpgwu3UeY="
    },
    "node_modules/libmime": {
      "version": "2.1.3",
      "resolved": "https://registry.npmjs.org/libmime/-/libmime-2.1.3.tgz",
      "integrity": "sha1-JQF8pataHpiq2+JyUBfPHUikKgw=",
      "dependencies": {
        "iconv-lite": "0.4.15",
        "libbase64": "0.1.0",
        "libqp": "1.1.0"
      }
    },
    "node_modules/libqp": {
      "version": "1.1.0",
      "resolved": "https://registry.npmjs.org/libqp/-/libqp-1.1.0.tgz",
      "integrity": "sha1-9ebgatdLeU+1tbZpiL9yjvHe2+g="
    },
    "node_modules/nodemailer": {
      "version": "6.7.0",
      "resolved": "https://registry.npmjs.org/nodemailer/-/nodemailer-6.7.0.tgz",
      "integrity": "sha512-AtiTVUFHLiiDnMQ43zi0YgkzHOEWUkhDgPlBXrsDzJiJvB29Alo4OKxHQ0ugF3gRqRQIneCLtZU3yiUo7pItZw==",
      "engines": {
        "node": ">=6.0.0"
      }
    },
    "node_modules/typescript": {
      "version": "4.4.2",
      "resolved": "https://registry.npmjs.org/typescript/-/typescript-4.4.2.tgz",
      "integrity": "sha512-gzP+t5W4hdy4c+68bfcv0t400HVJMMd2+H9B7gae1nQlBzCqvrXX+6GL/b3GAgyTH966pzrZ70/fRjwAtZksSQ==",
      "dev": true,
      "bin": {
        "tsc": "bin/tsc",
        "tsserver": "bin/tsserver"
      },
      "engines": {
        "node": ">=4.2.0"
      }
    }
  },
  "dependencies": {
    "@types/dkim-signer": {
      "version": "0.2.2",
      "resolved": "https://registry.npmjs.org/@types/dkim-signer/-/dkim-signer-0.2.2.tgz",
      "integrity": "sha512-6S3Fmi4WA5W1Sv4JJalO9wW47ikgt/diQZ1rfqCKaEMj9+wUZpQf6CUr+ZV65pObyO0Xnnu24ZEaWUjyRuBZMg==",
      "dev": true,
      "requires": {
        "@types/node": "*"
      }
    },
    "@types/node": {
      "version": "16.11.0",
      "resolved": "https://registry.npmjs.org/@types/node/-/node-16.11.0.tgz",
      "integrity": "sha512-8MLkBIYQMuhRBQzGN9875bYsOhPnf/0rgXGo66S2FemHkhbn9qtsz9ywV1iCG+vbjigE4WUNVvw37Dx+L0qsPg==",
      "dev": true
    },
    "@types/nodemailer": {
      "version": "6.4.4",
      "resolved": "https://registry.npmjs.org/@types/nodemailer/-/nodemailer-6.4.4.tgz",
      "integrity": "sha512-Ksw4t7iliXeYGvIQcSIgWQ5BLuC/mljIEbjf615svhZL10PE9t+ei8O9gDaD3FPCasUJn9KTLwz2JFJyiiyuqw==",
      "dev": true,
      "requires": {
        "@types/node": "*"
      }
    },
    "dkim-signer": {
      "version": "0.2.2",
      "resolved": "https://registry.npmjs.org/dkim-signer/-/dkim-signer-0.2.2.tgz",
      "integrity": "sha1-qoHsBx7u02IngbqpIgRNeADl8wg=",
      "requires": {
        "libmime": "^2.0.3"
      }
    },
    "email-addresses": {
      "version": "5.0.0",
      "resolved": "https://registry.npmjs.org/email-addresses/-/email-addresses-5.0.0.tgz",
      "integrity": "sha512-4OIPYlA6JXqtVn8zpHpGiI7vE6EQOAg16aGnDMIAlZVinnoZ8208tW1hAbjWydgN/4PLTT9q+O1K6AH/vALJGw=="
    },
    "iconv-lite": {
      "version": "0.4.15",
      "resolved": "https://registry.npmjs.org/iconv-lite/-/iconv-lite-0.4.15.tgz",
      "integrity": "sha1-/iZaIYrGpXz+hUkn6dBMGYJe3es="
    },
    "libbase64": {
      "version": "0.1.0",
      "resolved": "https://registry.npmjs.org/libbase64/-/libbase64-0.1.0.tgz",
      "integrity": "sha1-YjUag5VjrF/1vSbxL2Dpgwu3UeY="
    },
    "libmime": {
      "version": "2.1.3",
      "resolved": "https://registry.npmjs.org/libmime/-/libmime-2.1.3.tgz",
      "integrity": "sha1-JQF8pataHpiq2+JyUBfPHUikKgw=",
      "requires": {
        "iconv-lite": "0.4.15",
        "libbase64": "0.1.0",
        "libqp": "1.1.0"
      }
    },
    "libqp": {
      "version": "1.1.0",
      "resolved": "https://registry.npmjs.org/libqp/-/libqp-1.1.0.tgz",
      "integrity": "sha1-9ebgatdLeU+1tbZpiL9yjvHe2+g="
    },
    "nodemailer": {
      "version": "6.7.0",
      "resolved": "https://registry.npmjs.org/nodemailer/-/nodemailer-6.7.0.tgz",
      "integrity": "sha512-AtiTVUFHLiiDnMQ43zi0YgkzHOEWUkhDgPlBXrsDzJiJvB29Alo4OKxHQ0ugF3gRqRQIneCLtZU3yiUo7pItZw=="
    },
    "typescript": {
      "version": "4.4.2",
      "resolved": "https://registry.npmjs.org/typescript/-/typescript-4.4.2.tgz",
      "integrity": "sha512-gzP+t5W4hdy4c+68bfcv0t400HVJMMd2+H9B7gae1nQlBzCqvrXX+6GL/b3GAgyTH966pzrZ70/fRjwAtZksSQ==",
      "dev": true
    }
  }
}
